{
  "name": "Topocentric-Astro-Auto-2",
  "lockfileVersion": 3,
  "requires": true,
  "packages": {
    "": {
      "dependencies": {
        "@astrodraw/astrochart": "^3.0.2"
      }
    },
    "node_modules/@astrodraw/astrochart": {
      "version": "3.0.2",
      "resolved": "https://registry.npmjs.org/@astrodraw/astrochart/-/astrochart-3.0.2.tgz",
      "integrity": "sha512-LopHZSXjL4FZm5xLeti6kp9z+x08vte8yA+imstZu5c1XpGyU0YR7cdML56FY594AWvNfafN8fkt2YNtwo2pzQ==",
      "license": "MIT"
    }
  }
}
